
Microsoft Visual Studio Solution File, Format Version 12.00
# Visual Studio Version 16
VisualStudioVersion = 16.0.29411.108
MinimumVisualStudioVersion = 10.0.40219.1
Project("{FAE04EC0-301F-11D3-BF4B-00C04F79EFBC}") = "ConsoleApp3", "ConsoleApp3\ConsoleApp3.csproj", "{62BB7903-92ED-42E4-BDCB-019ED4555377}"
EndProject
Global
	GlobalSection(SolutionConfigurationPlatforms) = preSolution
		Debug|Any CPU = Debug|Any CPU
		Release|Any CPU = Release|Any CPU
	EndGlobalSection
	GlobalSection(ProjectConfigurationPlatforms) = postSolution
		{62BB7903-92ED-42E4-BDCB-019ED4555377}.Debug|Any CPU.ActiveCfg = Debug|Any CPU
		{62BB7903-92ED-42E4-BDCB-019ED4555377}.Debug|Any CPU.Build.0 = Debug|Any CPU
		{62BB7903-92ED-42E4-BDCB-019ED4555377}.Release|Any CPU.ActiveCfg = Release|Any CPU
		{62BB7903-92ED-42E4-BDCB-019ED4555377}.Release|Any CPU.Build.0 = Release|Any CPU
	EndGlobalSection
	GlobalSection(SolutionProperties) = preSolution
		HideSolutionNode = FALSE
	EndGlobalSection
	GlobalSection(ExtensibilityGlobals) = postSolution
		SolutionGuid = {55BF3BA6-F7FC-4572-9C59-0619F5C6603E}
	EndGlobalSection
EndGlobal
