
Microsoft Visual Studio Solution File, Format Version 12.00
# Visual Studio Version 16
VisualStudioVersion = 16.0.29905.134
MinimumVisualStudioVersion = 10.0.40219.1
Project("{FAE04EC0-301F-11D3-BF4B-00C04F79EFBC}") = "3", "3\3.csproj", "{BA3521B4-232D-417B-97C4-77B89EF1030F}"
EndProject
Global
	GlobalSection(SolutionConfigurationPlatforms) = preSolution
		Debug|Any CPU = Debug|Any CPU
		Release|Any CPU = Release|Any CPU
	EndGlobalSection
	GlobalSection(ProjectConfigurationPlatforms) = postSolution
		{BA3521B4-232D-417B-97C4-77B89EF1030F}.Debug|Any CPU.ActiveCfg = Debug|Any CPU
		{BA3521B4-232D-417B-97C4-77B89EF1030F}.Debug|Any CPU.Build.0 = Debug|Any CPU
		{BA3521B4-232D-417B-97C4-77B89EF1030F}.Release|Any CPU.ActiveCfg = Release|Any CPU
		{BA3521B4-232D-417B-97C4-77B89EF1030F}.Release|Any CPU.Build.0 = Release|Any CPU
	EndGlobalSection
	GlobalSection(SolutionProperties) = preSolution
		HideSolutionNode = FALSE
	EndGlobalSection
	GlobalSection(ExtensibilityGlobals) = postSolution
		SolutionGuid = {CAC2DF5A-1F03-42BA-A2E0-970CE8DAF06C}
	EndGlobalSection
EndGlobal
